
Microsoft Visual Studio Solution File, Format Version 12.00
# Visual Studio 15
VisualStudioVersion = 15.0.27428.2037
MinimumVisualStudioVersion = 10.0.40219.1
Project("{FAE04EC0-301F-11D3-BF4B-00C04F79EFBC}") = "FOOTBALL1", "FOOTBALL1\FOOTBALL1.csproj", "{A599E12F-D7C8-4AC4-916B-9B86A8B2FDB4}"
EndProject
Global
	GlobalSection(SolutionConfigurationPlatforms) = preSolution
		Debug|Any CPU = Debug|Any CPU
		Release|Any CPU = Release|Any CPU
	EndGlobalSection
	GlobalSection(ProjectConfigurationPlatforms) = postSolution
		{A599E12F-D7C8-4AC4-916B-9B86A8B2FDB4}.Debug|Any CPU.ActiveCfg = Debug|Any CPU
		{A599E12F-D7C8-4AC4-916B-9B86A8B2FDB4}.Debug|Any CPU.Build.0 = Debug|Any CPU
		{A599E12F-D7C8-4AC4-916B-9B86A8B2FDB4}.Release|Any CPU.ActiveCfg = Release|Any CPU
		{A599E12F-D7C8-4AC4-916B-9B86A8B2FDB4}.Release|Any CPU.Build.0 = Release|Any CPU
	EndGlobalSection
	GlobalSection(SolutionProperties) = preSolution
		HideSolutionNode = FALSE
	EndGlobalSection
	GlobalSection(ExtensibilityGlobals) = postSolution
		SolutionGuid = {5EB2EF8A-ADA3-464D-B8F9-7155A67C2F99}
	EndGlobalSection
EndGlobal
